
Microsoft Visual Studio Solution File, Format Version 12.00
# Visual Studio Version 17
VisualStudioVersion = 17.11.35327.3
MinimumVisualStudioVersion = 10.0.40219.1
Project("{FAE04EC0-301F-11D3-BF4B-00C04F79EFBC}") = "24DH112135_MyStore", "24DH112135_MyStore.csproj", "{9AB121E3-4531-46B3-A7AF-EFAE96778274}"
EndProject
Global
	GlobalSection(SolutionConfigurationPlatforms) = preSolution
		Debug|Any CPU = Debug|Any CPU
		Release|Any CPU = Release|Any CPU
	EndGlobalSection
	GlobalSection(ProjectConfigurationPlatforms) = postSolution
		{9AB121E3-4531-46B3-A7AF-EFAE96778274}.Debug|Any CPU.ActiveCfg = Debug|Any CPU
		{9AB121E3-4531-46B3-A7AF-EFAE96778274}.Debug|Any CPU.Build.0 = Debug|Any CPU
		{9AB121E3-4531-46B3-A7AF-EFAE96778274}.Release|Any CPU.ActiveCfg = Release|Any CPU
		{9AB121E3-4531-46B3-A7AF-EFAE96778274}.Release|Any CPU.Build.0 = Release|Any CPU
	EndGlobalSection
	GlobalSection(SolutionProperties) = preSolution
		HideSolutionNode = FALSE
	EndGlobalSection
	GlobalSection(ExtensibilityGlobals) = postSolution
		SolutionGuid = {9B116CEB-7B3D-446B-B9D0-CF283AED35BA}
	EndGlobalSection
EndGlobal
